{
    "_meta": {
        "hash": {
            "sha256": "63c76fdfb080fe215cc8e93ddbbb2247050b4a4a51e7640ed209966f38cf5d99"
        },
        "pipfile-spec": 6,
        "requires": {
            "python_version": "3.12"
        },
        "sources": [
            {
                "name": "pypi",
                "url": "https://pypi.org/simple",
                "verify_ssl": true
            }
        ]
    },
    "default": {
        "kafka-python": {
            "hashes": [
                "sha256:23340cdcd403d4f73564c068fd3b1f4b4be3fc1a89f3ef1a76d46ea889878190",
                "sha256:7e45be44cc7eb3dcad8b432cc514411454d05971ad26411092577584ee15d67a"
            ],
            "index": "pypi",
            "version": "==2.1.4"
        },
        "pyflink": {
            "hashes": [
                "sha256:382dfa476a0bbdee2220639a0782aeafe41163748d077e57cb2206fbb4868b0d"
            ],
            "index": "pypi",
            "version": "==1.0"
        }
    },
    "develop": {}
}
